{
  "name": "@maestrofrontier/frontier",
  "version": "1.14.0+codex.20260709190950",
  "lockfileVersion": 3,
  "requires": true,
  "packages": {
    "": {
      "name": "@maestrofrontier/frontier",
      "version": "1.14.0+codex.20260709190950",
      "license": "MIT",
      "bin": {
        "maestro": "bin/maestro.cjs"
      },
      "engines": {
        "node": ">=18"
      }
    }
  }
}
