{
  "name": "superloopy",
  "version": "0.9.1",
  "lockfileVersion": 3,
  "requires": true,
  "packages": {
    "": {
      "name": "superloopy",
      "version": "0.9.1",
      "license": "MIT",
      "bin": {
        "superloopy": "src/cli.js"
      },
      "engines": {
        "node": ">=20.0.0"
      }
    }
  }
}
